# THIS IS AN AUTOGENERATED FILE. DO NOT EDIT THIS FILE DIRECTLY.
# yarn lockfile v1


nan@^2.0.9:
  version "2.11.1"
  resolved "https://registry.yarnpkg.com/nan/-/nan-2.11.1.tgz#90e22bccb8ca57ea4cd37cc83d3819b52eea6766"
  integrity sha512-iji6k87OSXa0CcrLl9z+ZiYSuR2o+c0bGuNmXdrhTQTakxytAFsC56SArGYoiHlJlFoHSnvmhpceZJaXkVuOtA==

node-dash-button@^0.6.1:
  version "0.6.1"
  resolved "https://registry.yarnpkg.com/node-dash-button/-/node-dash-button-0.6.1.tgz#d3da4100f9f1f36633da7a3cebba2a03c54f7ac6"
  integrity sha1-09pBAPnx82Yz2no867oqA8VPesY=
  dependencies:
    pcap "git+https://github.com/mranney/node_pcap.git"
    underscore "^1.8.3"

"pcap@git+https://github.com/mranney/node_pcap.git":
  version "2.1.0"
  resolved "git+https://github.com/mranney/node_pcap.git#aec9d802b4bfd2e87bb15d4d590fe3e36f9ebc28"
  dependencies:
    nan "^2.0.9"
    socketwatcher "git+https://github.com/bytzdev/node-socketwatcher.git"

"socketwatcher@git+https://github.com/bytzdev/node-socketwatcher.git":
  version "0.3.0"
  resolved "git+https://github.com/bytzdev/node-socketwatcher.git#d252d3f8c45f565a0a48ebd155d4f9e4666798d9"
  dependencies:
    nan "^2.0.9"

underscore@^1.8.3:
  version "1.9.1"
  resolved "https://registry.yarnpkg.com/underscore/-/underscore-1.9.1.tgz#06dce34a0e68a7babc29b365b8e74b8925203961"
  integrity sha512-5/4etnCkd9c8gwgowi5/om/mYO5ajCaOgdzj/oW+0eQV9WxKBDZw5+ycmKmeaTXjInS/W0BzpGLo2xR2aBwZdg==
